{
  "name": "zhulong-kit",
  "version": "0.1.0",
  "lockfileVersion": 3,
  "requires": true,
  "packages": {
    "": {
      "name": "zhulong-kit",
      "version": "0.1.0",
      "license": "Apache-2.0",
      "bin": {
        "zhulong": "bin/zl.mjs",
        "zl": "bin/zl.mjs",
        "zl-ambiguity-audit": "bin/zl.mjs",
        "zl-answer-audit": "bin/zl.mjs",
        "zl-citation-audit": "bin/zl.mjs",
        "zl-cockpit-build": "bin/zl.mjs",
        "zl-code-review": "bin/zl.mjs",
        "zl-codebase": "bin/zl.mjs",
        "zl-codebase-scan": "bin/zl.mjs",
        "zl-codebase-status": "bin/zl.mjs",
        "zl-complete-milestone": "bin/zl.mjs",
        "zl-completion-check": "bin/zl.mjs",
        "zl-context-debug": "bin/zl.mjs",
        "zl-context-execute": "bin/zl.mjs",
        "zl-debug": "bin/zl.mjs",
        "zl-discuss-phase": "bin/zl.mjs",
        "zl-docs-citations": "bin/zl.mjs",
        "zl-docs-diff": "bin/zl.mjs",
        "zl-docs-extract": "bin/zl.mjs",
        "zl-docs-index": "bin/zl.mjs",
        "zl-docs-normalize": "bin/zl.mjs",
        "zl-docs-query": "bin/zl.mjs",
        "zl-docs-scan": "bin/zl.mjs",
        "zl-docs-status": "bin/zl.mjs",
        "zl-docs-sync": "bin/zl.mjs",
        "zl-evidence-record": "bin/zl.mjs",
        "zl-evidence-status": "bin/zl.mjs",
        "zl-execute-phase": "bin/zl.mjs",
        "zl-gate-check": "bin/zl.mjs",
        "zl-graph-build": "bin/zl.mjs",
        "zl-graph-diff": "bin/zl.mjs",
        "zl-graph-freshness": "bin/zl.mjs",
        "zl-graph-impact": "bin/zl.mjs",
        "zl-graph-query": "bin/zl.mjs",
        "zl-graph-risk": "bin/zl.mjs",
        "zl-graph-status": "bin/zl.mjs",
        "zl-help-skills": "bin/zl.mjs",
        "zl-init": "bin/zl.mjs",
        "zl-license-audit": "bin/zl.mjs",
        "zl-map": "bin/zl.mjs",
        "zl-mode-set": "bin/zl.mjs",
        "zl-mode-status": "bin/zl.mjs",
        "zl-new-milestone": "bin/zl.mjs",
        "zl-next": "bin/zl.mjs",
        "zl-offline-lock": "bin/zl.mjs",
        "zl-outbound-audit": "bin/zl.mjs",
        "zl-plan-phase": "bin/zl.mjs",
        "zl-policy-check": "bin/zl.mjs",
        "zl-policy-diff": "bin/zl.mjs",
        "zl-policy-explain": "bin/zl.mjs",
        "zl-policy-list": "bin/zl.mjs",
        "zl-policy-lock": "bin/zl.mjs",
        "zl-policy-verify": "bin/zl.mjs",
        "zl-preflight": "bin/zl.mjs",
        "zl-privacy-audit": "bin/zl.mjs",
        "zl-rag-eval": "bin/zl.mjs",
        "zl-rag-golden-add": "bin/zl.mjs",
        "zl-rag-golden-run": "bin/zl.mjs",
        "zl-rag-init-local": "bin/zl.mjs",
        "zl-refresh-plan": "bin/zl.mjs",
        "zl-refresh-run": "bin/zl.mjs",
        "zl-runtime-install": "bin/zl.mjs",
        "zl-runtime-status": "bin/zl.mjs",
        "zl-spec-phase": "bin/zl.mjs",
        "zl-structure-audit": "bin/zl.mjs",
        "zl-trace-audit": "bin/zl.mjs",
        "zl-trace-build": "bin/zl.mjs",
        "zl-trace-query": "bin/zl.mjs",
        "zl-ui-phase": "bin/zl.mjs",
        "zl-verify": "bin/zl.mjs",
        "zl-verify-work": "bin/zl.mjs",
        "zl-workflow-audit": "bin/zl.mjs",
        "zl-workflow-continue": "bin/zl.mjs",
        "zl-workflow-run": "bin/zl.mjs",
        "zl-workflow-status": "bin/zl.mjs"
      },
      "devDependencies": {
        "@axe-core/playwright": "4.12.1",
        "playwright": "1.61.1"
      },
      "engines": {
        "node": ">=24 <25",
        "npm": ">=11.5.1 <12"
      }
    },
    "node_modules/@axe-core/playwright": {
      "version": "4.12.1",
      "resolved": "https://registry.npmjs.org/@axe-core/playwright/-/playwright-4.12.1.tgz",
      "integrity": "sha512-rMd7xriptqKpP+w5265i4Hdkv2X5kbu6uiBi/B2I7uf3hieRBM3qDCfaKPtxfiYb2mKXfF+yLODJwIx+Jv1GDw==",
      "dev": true,
      "license": "MPL-2.0",
      "dependencies": {
        "axe-core": "~4.12.1"
      },
      "peerDependencies": {
        "playwright-core": ">= 1.0.0"
      }
    },
    "node_modules/axe-core": {
      "version": "4.12.1",
      "resolved": "https://registry.npmjs.org/axe-core/-/axe-core-4.12.1.tgz",
      "integrity": "sha512-s7iGf5GaVMxEG0ENN9x+xTr7GFZCb1ZP/1uATUpCEK2X78nDB3RwbtFCo9pGAf9ru+VwoQ464DkaLEeRM08wJA==",
      "dev": true,
      "license": "MPL-2.0",
      "engines": {
        "node": ">=4"
      }
    },
    "node_modules/fsevents": {
      "version": "2.3.2",
      "resolved": "https://registry.npmjs.org/fsevents/-/fsevents-2.3.2.tgz",
      "integrity": "sha512-xiqMQR4xAeHTuB9uWm+fFRcIOgKBMiOBP+eXiyT7jsgVCq1bkVygt00oASowB7EdtpOHaaPgKt812P9ab+DDKA==",
      "dev": true,
      "hasInstallScript": true,
      "license": "MIT",
      "optional": true,
      "os": [
        "darwin"
      ],
      "engines": {
        "node": "^8.16.0 || ^10.6.0 || >=11.0.0"
      }
    },
    "node_modules/playwright": {
      "version": "1.61.1",
      "resolved": "https://registry.npmjs.org/playwright/-/playwright-1.61.1.tgz",
      "integrity": "sha512-DWnY5o3YbLWK4GovuAVwpqL+1VwGNdUGrRr++8j8PtQQzvAVZUIMjKQ90fY689sEJZJBbZVw1rXaOKSTitkzPQ==",
      "dev": true,
      "license": "Apache-2.0",
      "dependencies": {
        "playwright-core": "1.61.1"
      },
      "bin": {
        "playwright": "cli.js"
      },
      "engines": {
        "node": ">=18"
      },
      "optionalDependencies": {
        "fsevents": "2.3.2"
      }
    },
    "node_modules/playwright-core": {
      "version": "1.61.1",
      "resolved": "https://registry.npmjs.org/playwright-core/-/playwright-core-1.61.1.tgz",
      "integrity": "sha512-h7Qlt6m4REp25qvIdvbDtVmD4LqVXfpRxhORv9L0jzETM05p4fuPJ3dKyuSXQxDSbXnmS79HAgi9589lGSpLkg==",
      "dev": true,
      "license": "Apache-2.0",
      "bin": {
        "playwright-core": "cli.js"
      },
      "engines": {
        "node": ">=18"
      }
    }
  }
}
